
Microsoft Visual Studio Solution File, Format Version 12.00
# Visual Studio 15
Project("{FAE04EC0-301F-11D3-BF4B-00C04F79EFBC}") = "Assembly-CSharp", "Assembly-CSharp.csproj", "{D92C0943-FD1E-4197-8DA3-F7529F238B85}"
EndProject
Project("{FAE04EC0-301F-11D3-BF4B-00C04F79EFBC}") = "Assembly-CSharp-Editor", "Assembly-CSharp-Editor.csproj", "{6B8EB5A5-4B98-74D5-08EE-E78C353CA4DB}"
EndProject
Global
	GlobalSection(SolutionConfigurationPlatforms) = preSolution
		Debug|Any CPU = Debug|Any CPU
		Release|Any CPU = Release|Any CPU
	EndGlobalSection
	GlobalSection(ProjectConfigurationPlatforms) = postSolution
		{D92C0943-FD1E-4197-8DA3-F7529F238B85}.Debug|Any CPU.ActiveCfg = Debug|Any CPU
		{D92C0943-FD1E-4197-8DA3-F7529F238B85}.Debug|Any CPU.Build.0 = Debug|Any CPU
		{D92C0943-FD1E-4197-8DA3-F7529F238B85}.Release|Any CPU.ActiveCfg = Release|Any CPU
		{D92C0943-FD1E-4197-8DA3-F7529F238B85}.Release|Any CPU.Build.0 = Release|Any CPU
		{6B8EB5A5-4B98-74D5-08EE-E78C353CA4DB}.Debug|Any CPU.ActiveCfg = Debug|Any CPU
		{6B8EB5A5-4B98-74D5-08EE-E78C353CA4DB}.Debug|Any CPU.Build.0 = Debug|Any CPU
		{6B8EB5A5-4B98-74D5-08EE-E78C353CA4DB}.Release|Any CPU.ActiveCfg = Release|Any CPU
		{6B8EB5A5-4B98-74D5-08EE-E78C353CA4DB}.Release|Any CPU.Build.0 = Release|Any CPU
	EndGlobalSection
	GlobalSection(SolutionProperties) = preSolution
		HideSolutionNode = FALSE
	EndGlobalSection
EndGlobal
